
Microsoft Visual Studio Solution File, Format Version 12.00
# Visual Studio Version 17
VisualStudioVersion = 17.7.34031.279
MinimumVisualStudioVersion = 10.0.40219.1
Project("{9A19103F-16F7-4668-BE54-9A1E7A4F7556}") = "SoftmassMVC_CRUD", "SoftmassMVC_CRUD.csproj", "{F3897533-16CF-4933-B3B3-97E371E45A49}"
EndProject
Global
	GlobalSection(SolutionConfigurationPlatforms) = preSolution
		Debug|Any CPU = Debug|Any CPU
		Release|Any CPU = Release|Any CPU
	EndGlobalSection
	GlobalSection(ProjectConfigurationPlatforms) = postSolution
		{F3897533-16CF-4933-B3B3-97E371E45A49}.Debug|Any CPU.ActiveCfg = Debug|Any CPU
		{F3897533-16CF-4933-B3B3-97E371E45A49}.Debug|Any CPU.Build.0 = Debug|Any CPU
		{F3897533-16CF-4933-B3B3-97E371E45A49}.Release|Any CPU.ActiveCfg = Release|Any CPU
		{F3897533-16CF-4933-B3B3-97E371E45A49}.Release|Any CPU.Build.0 = Release|Any CPU
	EndGlobalSection
	GlobalSection(SolutionProperties) = preSolution
		HideSolutionNode = FALSE
	EndGlobalSection
	GlobalSection(ExtensibilityGlobals) = postSolution
		SolutionGuid = {3FC53B68-A843-4EEF-B885-526088CBB678}
	EndGlobalSection
EndGlobal
